// !$*UTF8*$!
{
	archiveVersion = 1;
	classes = {
	};
	objectVersion = 46;
	objects = {

/* Begin PBXBuildFile section */
		CCAFF3721CE18D02005E39B2 /* main.m in Sources */ = {isa = PBXBuildFile; fileRef = CCAFF3711CE18D02005E39B2 /* main.m */; };
		CCAFF3751CE18D02005E39B2 /* AppDelegate.m in Sources */ = {isa = PBXBuildFile; fileRef = CCAFF3741CE18D02005E39B2 /* AppDelegate.m */; };
		CCAFF3781CE18D02005E39B2 /* ViewController.m in Sources */ = {isa = PBXBuildFile; fileRef = CCAFF3771CE18D02005E39B2 /* ViewController.m */; };
		CCAFF37B1CE18D02005E39B2 /* Main.storyboard in Resources */ = {isa = PBXBuildFile; fileRef = CCAFF3791CE18D02005E39B2 /* Main.storyboard */; };
		CCAFF37D1CE18D02005E39B2 /* Assets.xcassets in Resources */ = {isa = PBXBuildFile; fileRef = CCAFF37C1CE18D02005E39B2 /* Assets.xcassets */; };
		CCAFF3801CE18D02005E39B2 /* LaunchScreen.storyboard in Resources */ = {isa = PBXBuildFile; fileRef = CCAFF37E1CE18D02005E39B2 /* LaunchScreen.storyboard */; };
		CCAFF38E1CE18D58005E39B2 /* new_feature_1@2x.png in Resources */ = {isa = PBXBuildFile; fileRef = CCAFF3881CE18D58005E39B2 /* new_feature_1@2x.png */; };
		CCAFF38F1CE18D58005E39B2 /* new_feature_2@2x.png in Resources */ = {isa = PBXBuildFile; fileRef = CCAFF3891CE18D58005E39B2 /* new_feature_2@2x.png */; };
		CCAFF3901CE18D58005E39B2 /* new_feature_3@2x.png in Resources */ = {isa = PBXBuildFile; fileRef = CCAFF38A1CE18D58005E39B2 /* new_feature_3@2x.png */; };
		CCAFF3911CE18D58005E39B2 /* new_feature_4@2x.png in Resources */ = {isa = PBXBuildFile; fileRef = CCAFF38B1CE18D58005E39B2 /* new_feature_4@2x.png */; };
		CCAFF3921CE18D58005E39B2 /* new_feature_5@2x.png in Resources */ = {isa = PBXBuildFile; fileRef = CCAFF38C1CE18D58005E39B2 /* new_feature_5@2x.png */; };
		CCAFF3931CE18D58005E39B2 /* new_feature_6@2x.png in Resources */ = {isa = PBXBuildFile; fileRef = CCAFF38D1CE18D58005E39B2 /* new_feature_6@2x.png */; };
/* End PBXBuildFile section */

/* Begin PBXFileReference section */
		CCAFF36D1CE18D02005E39B2 /* 02-UIScrollViewDemo.app */ = {isa = PBXFileReference; explicitFileType = wrapper.application; includeInIndex = 0; path = "02-UIScrollViewDemo.app"; sourceTree = BUILT_PRODUCTS_DIR; };
		CCAFF3711CE18D02005E39B2 /* main.m */ = {isa = PBXFileReference; lastKnownFileType = sourcecode.c.objc; path = main.m; sourceTree = "<group>"; };
		CCAFF3731CE18D02005E39B2 /* AppDelegate.h */ = {isa = PBXFileReference; lastKnownFileType = sourcecode.c.h; path = AppDelegate.h; sourceTree = "<group>"; };
		CCAFF3741CE18D02005E39B2 /* AppDelegate.m */ = {isa = PBXFileReference; lastKnownFileType = sourcecode.c.objc; path = AppDelegate.m; sourceTree = "<group>"; };
		CCAFF3761CE18D02005E39B2 /* ViewController.h */ = {isa = PBXFileReference; lastKnownFileType = sourcecode.c.h; path = ViewController.h; sourceTree = "<group>"; };
		CCAFF3771CE18D02005E39B2 /* ViewController.m */ = {isa = PBXFileReference; lastKnownFileType = sourcecode.c.objc; path = ViewController.m; sourceTree = "<group>"; };
		CCAFF37A1CE18D02005E39B2 /* Base */ = {isa = PBXFileReference; lastKnownFileType = file.storyboard; name = Base; path = Base.lproj/Main.storyboard; sourceTree = "<group>"; };
		CCAFF37C1CE18D02005E39B2 /* Assets.xcassets */ = {isa = PBXFileReference; lastKnownFileType = folder.assetcatalog; path = Assets.xcassets; sourceTree = "<group>"; };
		CCAFF37F1CE18D02005E39B2 /* Base */ = {isa = PBXFileReference; lastKnownFileType = file.storyboard; name = Base; path = Base.lproj/LaunchScreen.storyboard; sourceTree = "<group>"; };
		CCAFF3811CE18D02005E39B2 /* Info.plist */ = {isa = PBXFileReference; lastKnownFileType = text.plist.xml; path = Info.plist; sourceTree = "<group>"; };
		CCAFF3881CE18D58005E39B2 /* new_feature_1@2x.png */ = {isa = PBXFileReference; lastKnownFileType = image.png; path = "new_feature_1@2x.png"; sourceTree = "<group>"; };
		CCAFF3891CE18D58005E39B2 /* new_feature_2@2x.png */ = {isa = PBXFileReference; lastKnownFileType = image.png; path = "new_feature_2@2x.png"; sourceTree = "<group>"; };
		CCAFF38A1CE18D58005E39B2 /* new_feature_3@2x.png */ = {isa = PBXFileReference; lastKnownFileType = image.png; path = "new_feature_3@2x.png"; sourceTree = "<group>"; };
		CCAFF38B1CE18D58005E39B2 /* new_feature_4@2x.png */ = {isa = PBXFileReference; lastKnownFileType = image.png; path = "new_feature_4@2x.png"; sourceTree = "<group>"; };
		CCAFF38C1CE18D58005E39B2 /* new_feature_5@2x.png */ = {isa = PBXFileReference; lastKnownFileType = image.png; path = "new_feature_5@2x.png"; sourceTree = "<group>"; };
		CCAFF38D1CE18D58005E39B2 /* new_feature_6@2x.png */ = {isa = PBXFileReference; lastKnownFileType = image.png; path = "new_feature_6@2x.png"; sourceTree = "<group>"; };
/* End PBXFileReference section */

/* Begin PBXFrameworksBuildPhase section */
		CCAFF36A1CE18D02005E39B2 /* Frameworks */ = {
			isa = PBXFrameworksBuildPhase;
			buildActionMask = 2147483647;
			files = (
			);
			runOnlyForDeploymentPostprocessing = 0;
		};
/* End PBXFrameworksBuildPhase section */

/* Begin PBXGroup section */
		CCAFF3641CE18D02005E39B2 = {
			isa = PBXGroup;
			children = (
				CCAFF36F1CE18D02005E39B2 /* 02-UIScrollViewDemo */,
				CCAFF36E1CE18D02005E39B2 /* Products */,
			);
			sourceTree = "<group>";
		};
		CCAFF36E1CE18D02005E39B2 /* Products */ = {
			isa = PBXGroup;
			children = (
				CCAFF36D1CE18D02005E39B2 /* 02-UIScrollViewDemo.app */,
			);
			name = Products;
			sourceTree = "<group>";
		};
		CCAFF36F1CE18D02005E39B2 /* 02-UIScrollViewDemo */ = {
			isa = PBXGroup;
			children = (
				CCAFF3731CE18D02005E39B2 /* AppDelegate.h */,
				CCAFF3741CE18D02005E39B2 /* AppDelegate.m */,
				CCAFF3761CE18D02005E39B2 /* ViewController.h */,
				CCAFF3771CE18D02005E39B2 /* ViewController.m */,
				CCAFF3791CE18D02005E39B2 /* Main.storyboard */,
				CCAFF37C1CE18D02005E39B2 /* Assets.xcassets */,
				CCAFF37E1CE18D02005E39B2 /* LaunchScreen.storyboard */,
				CCAFF3811CE18D02005E39B2 /* Info.plist */,
				CCAFF3701CE18D02005E39B2 /* Supporting Files */,
			);
			path = "02-UIScrollViewDemo";
			sourceTree = "<group>";
		};
		CCAFF3701CE18D02005E39B2 /* Supporting Files */ = {
			isa = PBXGroup;
			children = (
				CCAFF3871CE18D58005E39B2 /* scrollView */,
				CCAFF3711CE18D02005E39B2 /* main.m */,
			);
			name = "Supporting Files";
			sourceTree = "<group>";
		};
		CCAFF3871CE18D58005E39B2 /* scrollView */ = {
			isa = PBXGroup;
			children = (
				CCAFF3881CE18D58005E39B2 /* new_feature_1@2x.png */,
				CCAFF3891CE18D58005E39B2 /* new_feature_2@2x.png */,
				CCAFF38A1CE18D58005E39B2 /* new_feature_3@2x.png */,
				CCAFF38B1CE18D58005E39B2 /* new_feature_4@2x.png */,
				CCAFF38C1CE18D58005E39B2 /* new_feature_5@2x.png */,
				CCAFF38D1CE18D58005E39B2 /* new_feature_6@2x.png */,
			);
			path = scrollView;
			sourceTree = "<group>";
		};
/* End PBXGroup section */

/* Begin PBXNativeTarget section */
		CCAFF36C1CE18D02005E39B2 /* 02-UIScrollViewDemo */ = {
			isa = PBXNativeTarget;
			buildConfigurationList = CCAFF3841CE18D02005E39B2 /* Build configuration list for PBXNativeTarget "02-UIScrollViewDemo" */;
			buildPhases = (
				CCAFF3691CE18D02005E39B2 /* Sources */,
				CCAFF36A1CE18D02005E39B2 /* Frameworks */,
				CCAFF36B1CE18D02005E39B2 /* Resources */,
			);
			buildRules = (
			);
			dependencies = (
			);
			name = "02-UIScrollViewDemo";
			productName = "02-UIScrollViewDemo";
			productReference = CCAFF36D1CE18D02005E39B2 /* 02-UIScrollViewDemo.app */;
			productType = "com.apple.product-type.application";
		};
/* End PBXNativeTarget section */

/* Begin PBXProject section */
		CCAFF3651CE18D02005E39B2 /* Project object */ = {
			isa = PBXProject;
			attributes = {
				LastUpgradeCheck = 0710;
				ORGANIZATIONNAME = QingYun;
				TargetAttributes = {
					CCAFF36C1CE18D02005E39B2 = {
						CreatedOnToolsVersion = 7.1.1;
						DevelopmentTeam = GGG24ADHBE;
					};
				};
			};
			buildConfigurationList = CCAFF3681CE18D02005E39B2 /* Build configuration list for PBXProject "02-UIScrollViewDemo" */;
			compatibilityVersion = "Xcode 3.2";
			developmentRegion = English;
			hasScannedForEncodings = 0;
			knownRegions = (
				en,
				Base,
			);
			mainGroup = CCAFF3641CE18D02005E39B2;
			productRefGroup = CCAFF36E1CE18D02005E39B2 /* Products */;
			projectDirPath = "";
			projectRoot = "";
			targets = (
				CCAFF36C1CE18D02005E39B2 /* 02-UIScrollViewDemo */,
			);
		};
/* End PBXProject section */

/* Begin PBXResourcesBuildPhase section */
		CCAFF36B1CE18D02005E39B2 /* Resources */ = {
			isa = PBXResourcesBuildPhase;
			buildActionMask = 2147483647;
			files = (
				CCAFF3911CE18D58005E39B2 /* new_feature_4@2x.png in Resources */,
				CCAFF3801CE18D02005E39B2 /* LaunchScreen.storyboard in Resources */,
				CCAFF3921CE18D58005E39B2 /* new_feature_5@2x.png in Resources */,
				CCAFF37D1CE18D02005E39B2 /* Assets.xcassets in Resources */,
				CCAFF3931CE18D58005E39B2 /* new_feature_6@2x.png in Resources */,
				CCAFF38F1CE18D58005E39B2 /* new_feature_2@2x.png in Resources */,
				CCAFF38E1CE18D58005E39B2 /* new_feature_1@2x.png in Resources */,
				CCAFF3901CE18D58005E39B2 /* new_feature_3@2x.png in Resources */,
				CCAFF37B1CE18D02005E39B2 /* Main.storyboard in Resources */,
			);
			runOnlyForDeploymentPostprocessing = 0;
		};
/* End PBXResourcesBuildPhase section */

/* Begin PBXSourcesBuildPhase section */
		CCAFF3691CE18D02005E39B2 /* Sources */ = {
			isa = PBXSourcesBuildPhase;
			buildActionMask = 2147483647;
			files = (
				CCAFF3781CE18D02005E39B2 /* ViewController.m in Sources */,
				CCAFF3751CE18D02005E39B2 /* AppDelegate.m in Sources */,
				CCAFF3721CE18D02005E39B2 /* main.m in Sources */,
			);
			runOnlyForDeploymentPostprocessing = 0;
		};
/* End PBXSourcesBuildPhase section */

/* Begin PBXVariantGroup section */
		CCAFF3791CE18D02005E39B2 /* Main.storyboard */ = {
			isa = PBXVariantGroup;
			children = (
				CCAFF37A1CE18D02005E39B2 /* Base */,
			);
			name = Main.storyboard;
			sourceTree = "<group>";
		};
		CCAFF37E1CE18D02005E39B2 /* LaunchScreen.storyboard */ = {
			isa = PBXVariantGroup;
			children = (
				CCAFF37F1CE18D02005E39B2 /* Base */,
			);
			name = LaunchScreen.storyboard;
			sourceTree = "<group>";
		};
/* End PBXVariantGroup section */

/* Begin XCBuildConfiguration section */
		CCAFF3821CE18D02005E39B2 /* Debug */ = {
			isa = XCBuildConfiguration;
			buildSettings = {
				ALWAYS_SEARCH_USER_PATHS = NO;
				CLANG_CXX_LANGUAGE_STANDARD = "gnu++0x";
				CLANG_CXX_LIBRARY = "libc++";
				CLANG_ENABLE_MODULES = YES;
				CLANG_ENABLE_OBJC_ARC = YES;
				CLANG_WARN_BOOL_CONVERSION = YES;
				CLANG_WARN_CONSTANT_CONVERSION = YES;
				CLANG_WARN_DIRECT_OBJC_ISA_USAGE = YES_ERROR;
				CLANG_WARN_EMPTY_BODY = YES;
				CLANG_WARN_ENUM_CONVERSION = YES;
				CLANG_WARN_INT_CONVERSION = YES;
				CLANG_WARN_OBJC_ROOT_CLASS = YES_ERROR;
				CLANG_WARN_UNREACHABLE_CODE = YES;
				CLANG_WARN__DUPLICATE_METHOD_MATCH = YES;
				"CODE_SIGN_IDENTITY[sdk=iphoneos*]" = "iPhone Developer";
				COPY_PHASE_STRIP = NO;
				DEBUG_INFORMATION_FORMAT = dwarf;
				ENABLE_STRICT_OBJC_MSGSEND = YES;
				ENABLE_TESTABILITY = YES;
				GCC_C_LANGUAGE_STANDARD = gnu99;
				GCC_DYNAMIC_NO_PIC = NO;
				GCC_NO_COMMON_BLOCKS = YES;
				GCC_OPTIMIZATION_LEVEL = 0;
				GCC_PREPROCESSOR_DEFINITIONS = (
					"DEBUG=1",
					"$(inherited)",
				);
				GCC_WARN_64_TO_32_BIT_CONVERSION = YES;
				GCC_WARN_ABOUT_RETURN_TYPE = YES_ERROR;
				GCC_WARN_UNDECLARED_SELECTOR = YES;
				GCC_WARN_UNINITIALIZED_AUTOS = YES_AGGRESSIVE;
				GCC_WARN_UNUSED_FUNCTION = YES;
				GCC_WARN_UNUSED_VARIABLE = YES;
				IPHONEOS_DEPLOYMENT_TARGET = 9.1;
				MTL_ENABLE_DEBUG_INFO = YES;
				ONLY_ACTIVE_ARCH = YES;
				SDKROOT = iphoneos;
			};
			name = Debug;
		};
		CCAFF3831CE18D02005E39B2 /* Release */ = {
			isa = XCBuildConfiguration;
			buildSettings = {
				ALWAYS_SEARCH_USER_PATHS = NO;
				CLANG_CXX_LANGUAGE_STANDARD = "gnu++0x";
				CLANG_CXX_LIBRARY = "libc++";
				CLANG_ENABLE_MODULES = YES;
				CLANG_ENABLE_OBJC_ARC = YES;
				CLANG_WARN_BOOL_CONVERSION = YES;
				CLANG_WARN_CONSTANT_CONVERSION = YES;
				CLANG_WARN_DIRECT_OBJC_ISA_USAGE = YES_ERROR;
				CLANG_WARN_EMPTY_BODY = YES;
				CLANG_WARN_ENUM_CONVERSION = YES;
				CLANG_WARN_INT_CONVERSION = YES;
				CLANG_WARN_OBJC_ROOT_CLASS = YES_ERROR;
				CLANG_WARN_UNREACHABLE_CODE = YES;
				CLANG_WARN__DUPLICATE_METHOD_MATCH = YES;
				"CODE_SIGN_IDENTITY[sdk=iphoneos*]" = "iPhone Developer";
				COPY_PHASE_STRIP = NO;
				DEBUG_INFORMATION_FORMAT = "dwarf-with-dsym";
				ENABLE_NS_ASSERTIONS = NO;
				ENABLE_STRICT_OBJC_MSGSEND = YES;
				GCC_C_LANGUAGE_STANDARD = gnu99;
				GCC_NO_COMMON_BLOCKS = YES;
				GCC_WARN_64_TO_32_BIT_CONVERSION = YES;
				GCC_WARN_ABOUT_RETURN_TYPE = YES_ERROR;
				GCC_WARN_UNDECLARED_SELECTOR = YES;
				GCC_WARN_UNINITIALIZED_AUTOS = YES_AGGRESSIVE;
				GCC_WARN_UNUSED_FUNCTION = YES;
				GCC_WARN_UNUSED_VARIABLE = YES;
				IPHONEOS_DEPLOYMENT_TARGET = 9.1;
				MTL_ENABLE_DEBUG_INFO = NO;
				SDKROOT = iphoneos;
				VALIDATE_PRODUCT = YES;
			};
			name = Release;
		};
		CCAFF3851CE18D02005E39B2 /* Debug */ = {
			isa = XCBuildConfiguration;
			buildSettings = {
				ASSETCATALOG_COMPILER_APPICON_NAME = AppIcon;
				INFOPLIST_FILE = "02-UIScrollViewDemo/Info.plist";
				LD_RUNPATH_SEARCH_PATHS = "$(inherited) @executable_path/Frameworks";
				PRODUCT_BUNDLE_IDENTIFIER = "com.Qingyun.-2-UIScrollViewDemo";
				PRODUCT_NAME = "$(TARGET_NAME)";
			};
			name = Debug;
		};
		CCAFF3861CE18D02005E39B2 /* Release */ = {
			isa = XCBuildConfiguration;
			buildSettings = {
				ASSETCATALOG_COMPILER_APPICON_NAME = AppIcon;
				INFOPLIST_FILE = "02-UIScrollViewDemo/Info.plist";
				LD_RUNPATH_SEARCH_PATHS = "$(inherited) @executable_path/Frameworks";
				PRODUCT_BUNDLE_IDENTIFIER = "com.Qingyun.-2-UIScrollViewDemo";
				PRODUCT_NAME = "$(TARGET_NAME)";
			};
			name = Release;
		};
/* End XCBuildConfiguration section */

/* Begin XCConfigurationList section */
		CCAFF3681CE18D02005E39B2 /* Build configuration list for PBXProject "02-UIScrollViewDemo" */ = {
			isa = XCConfigurationList;
			buildConfigurations = (
				CCAFF3821CE18D02005E39B2 /* Debug */,
				CCAFF3831CE18D02005E39B2 /* Release */,
			);
			defaultConfigurationIsVisible = 0;
			defaultConfigurationName = Release;
		};
		CCAFF3841CE18D02005E39B2 /* Build configuration list for PBXNativeTarget "02-UIScrollViewDemo" */ = {
			isa = XCConfigurationList;
			buildConfigurations = (
				CCAFF3851CE18D02005E39B2 /* Debug */,
				CCAFF3861CE18D02005E39B2 /* Release */,
			);
			defaultConfigurationIsVisible = 0;
		};
/* End XCConfigurationList section */
	};
	rootObject = CCAFF3651CE18D02005E39B2 /* Project object */;
}
